
Microsoft Visual Studio Solution File, Format Version 12.00
# Visual Studio Version 17
VisualStudioVersion = 17.3.32922.545
MinimumVisualStudioVersion = 10.0.40219.1
Project("{FAE04EC0-301F-11D3-BF4B-00C04F79EFBC}") = "SNR_ClientApp", "SNR_ClientApp.csproj", "{3EAE3AEB-57B2-4FD8-8430-A162812B2BD1}"
EndProject
Global
	GlobalSection(SolutionConfigurationPlatforms) = preSolution
		Debug|Any CPU = Debug|Any CPU
		Release|Any CPU = Release|Any CPU
	EndGlobalSection
	GlobalSection(ProjectConfigurationPlatforms) = postSolution
		{3EAE3AEB-57B2-4FD8-8430-A162812B2BD1}.Debug|Any CPU.ActiveCfg = Debug|Any CPU
		{3EAE3AEB-57B2-4FD8-8430-A162812B2BD1}.Debug|Any CPU.Build.0 = Debug|Any CPU
		{3EAE3AEB-57B2-4FD8-8430-A162812B2BD1}.Release|Any CPU.ActiveCfg = Release|Any CPU
		{3EAE3AEB-57B2-4FD8-8430-A162812B2BD1}.Release|Any CPU.Build.0 = Release|Any CPU
	EndGlobalSection
	GlobalSection(SolutionProperties) = preSolution
		HideSolutionNode = FALSE
	EndGlobalSection
	GlobalSection(ExtensibilityGlobals) = postSolution
		SolutionGuid = {28ED1F5D-F484-4DFC-91DB-C780D0B21036}
	EndGlobalSection
EndGlobal
